// !$*UTF8*$!
{
	archiveVersion = 1;
	classes = {
	};
	objectVersion = 50;
	objects = {

/* Begin PBXBuildFile section */
		7A63E4622703500900B715C4 /* homeWork5.c in Sources */ = {isa = PBXBuildFile; fileRef = 7A63E4612703500900B715C4 /* homeWork5.c */; };
		7A63E4652703534E00B715C4 /* Stack.c in Sources */ = {isa = PBXBuildFile; fileRef = 7A63E4642703534E00B715C4 /* Stack.c */; };
		7A63E4682703989A00B715C4 /* Queue.c in Sources */ = {isa = PBXBuildFile; fileRef = 7A63E4672703989A00B715C4 /* Queue.c */; };
		7A9DA85F26F25DCD006E007E /* main.c in Sources */ = {isa = PBXBuildFile; fileRef = 7A9DA85E26F25DCD006E007E /* main.c */; };
/* End PBXBuildFile section */

/* Begin PBXCopyFilesBuildPhase section */
		7A9DA85926F25DCD006E007E /* CopyFiles */ = {
			isa = PBXCopyFilesBuildPhase;
			buildActionMask = 2147483647;
			dstPath = /usr/share/man/man1/;
			dstSubfolderSpec = 0;
			files = (
			);
			runOnlyForDeploymentPostprocessing = 1;
		};
/* End PBXCopyFilesBuildPhase section */

/* Begin PBXFileReference section */
		7A63E4602703500900B715C4 /* homeWork5.h */ = {isa = PBXFileReference; lastKnownFileType = sourcecode.c.h; path = homeWork5.h; sourceTree = "<group>"; };
		7A63E4612703500900B715C4 /* homeWork5.c */ = {isa = PBXFileReference; lastKnownFileType = sourcecode.c.c; path = homeWork5.c; sourceTree = "<group>"; };
		7A63E4632703534E00B715C4 /* Stack.h */ = {isa = PBXFileReference; lastKnownFileType = sourcecode.c.h; path = Stack.h; sourceTree = "<group>"; };
		7A63E4642703534E00B715C4 /* Stack.c */ = {isa = PBXFileReference; lastKnownFileType = sourcecode.c.c; path = Stack.c; sourceTree = "<group>"; };
		7A63E4672703989A00B715C4 /* Queue.c */ = {isa = PBXFileReference; fileEncoding = 4; lastKnownFileType = sourcecode.c.c; path = Queue.c; sourceTree = "<group>"; };
		7A9DA85B26F25DCD006E007E /* Algorithms and Data Structures */ = {isa = PBXFileReference; explicitFileType = "compiled.mach-o.executable"; includeInIndex = 0; path = "Algorithms and Data Structures"; sourceTree = BUILT_PRODUCTS_DIR; };
		7A9DA85E26F25DCD006E007E /* main.c */ = {isa = PBXFileReference; lastKnownFileType = sourcecode.c.c; path = main.c; sourceTree = "<group>"; };
/* End PBXFileReference section */

/* Begin PBXFrameworksBuildPhase section */
		7A9DA85826F25DCD006E007E /* Frameworks */ = {
			isa = PBXFrameworksBuildPhase;
			buildActionMask = 2147483647;
			files = (
			);
			runOnlyForDeploymentPostprocessing = 0;
		};
/* End PBXFrameworksBuildPhase section */

/* Begin PBXGroup section */
		7A63E45F27034FF300B715C4 /* Home Works */ = {
			isa = PBXGroup;
			children = (
				7A63E46627038EA200B715C4 /* HW5 */,
			);
			path = "Home Works";
			sourceTree = "<group>";
		};
		7A63E46627038EA200B715C4 /* HW5 */ = {
			isa = PBXGroup;
			children = (
				7A63E4672703989A00B715C4 /* Queue.c */,
				7A63E4632703534E00B715C4 /* Stack.h */,
				7A63E4642703534E00B715C4 /* Stack.c */,
				7A63E4602703500900B715C4 /* homeWork5.h */,
				7A63E4612703500900B715C4 /* homeWork5.c */,
			);
			path = HW5;
			sourceTree = "<group>";
		};
		7A9DA85226F25DCD006E007E = {
			isa = PBXGroup;
			children = (
				7A9DA85D26F25DCD006E007E /* Algorithms and Data Structures */,
				7A9DA85C26F25DCD006E007E /* Products */,
			);
			sourceTree = "<group>";
		};
		7A9DA85C26F25DCD006E007E /* Products */ = {
			isa = PBXGroup;
			children = (
				7A9DA85B26F25DCD006E007E /* Algorithms and Data Structures */,
			);
			name = Products;
			sourceTree = "<group>";
		};
		7A9DA85D26F25DCD006E007E /* Algorithms and Data Structures */ = {
			isa = PBXGroup;
			children = (
				7A9DA85E26F25DCD006E007E /* main.c */,
				7A63E45F27034FF300B715C4 /* Home Works */,
			);
			path = "Algorithms and Data Structures";
			sourceTree = "<group>";
		};
/* End PBXGroup section */

/* Begin PBXNativeTarget section */
		7A9DA85A26F25DCD006E007E /* Algorithms and Data Structures */ = {
			isa = PBXNativeTarget;
			buildConfigurationList = 7A9DA86226F25DCD006E007E /* Build configuration list for PBXNativeTarget "Algorithms and Data Structures" */;
			buildPhases = (
				7A9DA85726F25DCD006E007E /* Sources */,
				7A9DA85826F25DCD006E007E /* Frameworks */,
				7A9DA85926F25DCD006E007E /* CopyFiles */,
			);
			buildRules = (
			);
			dependencies = (
			);
			name = "Algorithms and Data Structures";
			productName = "Algorithms and Data Structures";
			productReference = 7A9DA85B26F25DCD006E007E /* Algorithms and Data Structures */;
			productType = "com.apple.product-type.tool";
		};
/* End PBXNativeTarget section */

/* Begin PBXProject section */
		7A9DA85326F25DCD006E007E /* Project object */ = {
			isa = PBXProject;
			attributes = {
				LastUpgradeCheck = 1250;
				TargetAttributes = {
					7A9DA85A26F25DCD006E007E = {
						CreatedOnToolsVersion = 12.5.1;
					};
				};
			};
			buildConfigurationList = 7A9DA85626F25DCD006E007E /* Build configuration list for PBXProject "Algorithms and Data Structures" */;
			compatibilityVersion = "Xcode 9.3";
			developmentRegion = en;
			hasScannedForEncodings = 0;
			knownRegions = (
				en,
				Base,
			);
			mainGroup = 7A9DA85226F25DCD006E007E;
			productRefGroup = 7A9DA85C26F25DCD006E007E /* Products */;
			projectDirPath = "";
			projectRoot = "";
			targets = (
				7A9DA85A26F25DCD006E007E /* Algorithms and Data Structures */,
			);
		};
/* End PBXProject section */

/* Begin PBXSourcesBuildPhase section */
		7A9DA85726F25DCD006E007E /* Sources */ = {
			isa = PBXSourcesBuildPhase;
			buildActionMask = 2147483647;
			files = (
				7A63E4652703534E00B715C4 /* Stack.c in Sources */,
				7A63E4682703989A00B715C4 /* Queue.c in Sources */,
				7A9DA85F26F25DCD006E007E /* main.c in Sources */,
				7A63E4622703500900B715C4 /* homeWork5.c in Sources */,
			);
			runOnlyForDeploymentPostprocessing = 0;
		};
/* End PBXSourcesBuildPhase section */

/* Begin XCBuildConfiguration section */
		7A9DA86026F25DCD006E007E /* Debug */ = {
			isa = XCBuildConfiguration;
			buildSettings = {
				ALWAYS_SEARCH_USER_PATHS = NO;
				CLANG_ANALYZER_NONNULL = YES;
				CLANG_ANALYZER_NUMBER_OBJECT_CONVERSION = YES_AGGRESSIVE;
				CLANG_CXX_LANGUAGE_STANDARD = "gnu++14";
				CLANG_CXX_LIBRARY = "libc++";
				CLANG_ENABLE_MODULES = YES;
				CLANG_ENABLE_OBJC_ARC = YES;
				CLANG_ENABLE_OBJC_WEAK = YES;
				CLANG_WARN_BLOCK_CAPTURE_AUTORELEASING = YES;
				CLANG_WARN_BOOL_CONVERSION = YES;
				CLANG_WARN_COMMA = YES;
				CLANG_WARN_CONSTANT_CONVERSION = YES;
				CLANG_WARN_DEPRECATED_OBJC_IMPLEMENTATIONS = YES;
				CLANG_WARN_DIRECT_OBJC_ISA_USAGE = YES_ERROR;
				CLANG_WARN_DOCUMENTATION_COMMENTS = YES;
				CLANG_WARN_EMPTY_BODY = YES;
				CLANG_WARN_ENUM_CONVERSION = YES;
				CLANG_WARN_INFINITE_RECURSION = YES;
				CLANG_WARN_INT_CONVERSION = YES;
				CLANG_WARN_NON_LITERAL_NULL_CONVERSION = YES;
				CLANG_WARN_OBJC_IMPLICIT_RETAIN_SELF = YES;
				CLANG_WARN_OBJC_LITERAL_CONVERSION = YES;
				CLANG_WARN_OBJC_ROOT_CLASS = YES_ERROR;
				CLANG_WARN_QUOTED_INCLUDE_IN_FRAMEWORK_HEADER = YES;
				CLANG_WARN_RANGE_LOOP_ANALYSIS = YES;
				CLANG_WARN_STRICT_PROTOTYPES = YES;
				CLANG_WARN_SUSPICIOUS_MOVE = YES;
				CLANG_WARN_UNGUARDED_AVAILABILITY = YES_AGGRESSIVE;
				CLANG_WARN_UNREACHABLE_CODE = YES;
				CLANG_WARN__DUPLICATE_METHOD_MATCH = YES;
				COPY_PHASE_STRIP = NO;
				DEBUG_INFORMATION_FORMAT = dwarf;
				ENABLE_STRICT_OBJC_MSGSEND = YES;
				ENABLE_TESTABILITY = YES;
				GCC_C_LANGUAGE_STANDARD = gnu11;
				GCC_DYNAMIC_NO_PIC = NO;
				GCC_NO_COMMON_BLOCKS = YES;
				GCC_OPTIMIZATION_LEVEL = 0;
				GCC_PREPROCESSOR_DEFINITIONS = (
					"DEBUG=1",
					"$(inherited)",
				);
				GCC_WARN_64_TO_32_BIT_CONVERSION = YES;
				GCC_WARN_ABOUT_RETURN_TYPE = YES_ERROR;
				GCC_WARN_UNDECLARED_SELECTOR = YES;
				GCC_WARN_UNINITIALIZED_AUTOS = YES_AGGRESSIVE;
				GCC_WARN_UNUSED_FUNCTION = YES;
				GCC_WARN_UNUSED_VARIABLE = YES;
				MACOSX_DEPLOYMENT_TARGET = 11.3;
				MTL_ENABLE_DEBUG_INFO = INCLUDE_SOURCE;
				MTL_FAST_MATH = YES;
				ONLY_ACTIVE_ARCH = YES;
				SDKROOT = macosx;
			};
			name = Debug;
		};
		7A9DA86126F25DCD006E007E /* Release */ = {
			isa = XCBuildConfiguration;
			buildSettings = {
				ALWAYS_SEARCH_USER_PATHS = NO;
				CLANG_ANALYZER_NONNULL = YES;
				CLANG_ANALYZER_NUMBER_OBJECT_CONVERSION = YES_AGGRESSIVE;
				CLANG_CXX_LANGUAGE_STANDARD = "gnu++14";
				CLANG_CXX_LIBRARY = "libc++";
				CLANG_ENABLE_MODULES = YES;
				CLANG_ENABLE_OBJC_ARC = YES;
				CLANG_ENABLE_OBJC_WEAK = YES;
				CLANG_WARN_BLOCK_CAPTURE_AUTORELEASING = YES;
				CLANG_WARN_BOOL_CONVERSION = YES;
				CLANG_WARN_COMMA = YES;
				CLANG_WARN_CONSTANT_CONVERSION = YES;
				CLANG_WARN_DEPRECATED_OBJC_IMPLEMENTATIONS = YES;
				CLANG_WARN_DIRECT_OBJC_ISA_USAGE = YES_ERROR;
				CLANG_WARN_DOCUMENTATION_COMMENTS = YES;
				CLANG_WARN_EMPTY_BODY = YES;
				CLANG_WARN_ENUM_CONVERSION = YES;
				CLANG_WARN_INFINITE_RECURSION = YES;
				CLANG_WARN_INT_CONVERSION = YES;
				CLANG_WARN_NON_LITERAL_NULL_CONVERSION = YES;
				CLANG_WARN_OBJC_IMPLICIT_RETAIN_SELF = YES;
				CLANG_WARN_OBJC_LITERAL_CONVERSION = YES;
				CLANG_WARN_OBJC_ROOT_CLASS = YES_ERROR;
				CLANG_WARN_QUOTED_INCLUDE_IN_FRAMEWORK_HEADER = YES;
				CLANG_WARN_RANGE_LOOP_ANALYSIS = YES;
				CLANG_WARN_STRICT_PROTOTYPES = YES;
				CLANG_WARN_SUSPICIOUS_MOVE = YES;
				CLANG_WARN_UNGUARDED_AVAILABILITY = YES_AGGRESSIVE;
				CLANG_WARN_UNREACHABLE_CODE = YES;
				CLANG_WARN__DUPLICATE_METHOD_MATCH = YES;
				COPY_PHASE_STRIP = NO;
				DEBUG_INFORMATION_FORMAT = "dwarf-with-dsym";
				ENABLE_NS_ASSERTIONS = NO;
				ENABLE_STRICT_OBJC_MSGSEND = YES;
				GCC_C_LANGUAGE_STANDARD = gnu11;
				GCC_NO_COMMON_BLOCKS = YES;
				GCC_WARN_64_TO_32_BIT_CONVERSION = YES;
				GCC_WARN_ABOUT_RETURN_TYPE = YES_ERROR;
				GCC_WARN_UNDECLARED_SELECTOR = YES;
				GCC_WARN_UNINITIALIZED_AUTOS = YES_AGGRESSIVE;
				GCC_WARN_UNUSED_FUNCTION = YES;
				GCC_WARN_UNUSED_VARIABLE = YES;
				MACOSX_DEPLOYMENT_TARGET = 11.3;
				MTL_ENABLE_DEBUG_INFO = NO;
				MTL_FAST_MATH = YES;
				SDKROOT = macosx;
			};
			name = Release;
		};
		7A9DA86326F25DCD006E007E /* Debug */ = {
			isa = XCBuildConfiguration;
			buildSettings = {
				CODE_SIGN_STYLE = Automatic;
				DEVELOPMENT_TEAM = LA6FA5G5XC;
				ENABLE_HARDENED_RUNTIME = YES;
				PRODUCT_NAME = "$(TARGET_NAME)";
			};
			name = Debug;
		};
		7A9DA86426F25DCD006E007E /* Release */ = {
			isa = XCBuildConfiguration;
			buildSettings = {
				CODE_SIGN_STYLE = Automatic;
				DEVELOPMENT_TEAM = LA6FA5G5XC;
				ENABLE_HARDENED_RUNTIME = YES;
				PRODUCT_NAME = "$(TARGET_NAME)";
			};
			name = Release;
		};
/* End XCBuildConfiguration section */

/* Begin XCConfigurationList section */
		7A9DA85626F25DCD006E007E /* Build configuration list for PBXProject "Algorithms and Data Structures" */ = {
			isa = XCConfigurationList;
			buildConfigurations = (
				7A9DA86026F25DCD006E007E /* Debug */,
				7A9DA86126F25DCD006E007E /* Release */,
			);
			defaultConfigurationIsVisible = 0;
			defaultConfigurationName = Release;
		};
		7A9DA86226F25DCD006E007E /* Build configuration list for PBXNativeTarget "Algorithms and Data Structures" */ = {
			isa = XCConfigurationList;
			buildConfigurations = (
				7A9DA86326F25DCD006E007E /* Debug */,
				7A9DA86426F25DCD006E007E /* Release */,
			);
			defaultConfigurationIsVisible = 0;
			defaultConfigurationName = Release;
		};
/* End XCConfigurationList section */
	};
	rootObject = 7A9DA85326F25DCD006E007E /* Project object */;
}
